
Microsoft Visual Studio Solution File, Format Version 12.00
# Visual Studio Version 16
VisualStudioVersion = 16.0.30011.22
MinimumVisualStudioVersion = 15.0.26124.0
Project("{2150E333-8FDC-42A3-9474-1A3956D46DE8}") = "Misc-files", "Misc-files", "{FD1CA397-FCA7-49E1-98B8-2DF3C1038793}"
	ProjectSection(SolutionItems) = preProject
		.gitignore = .gitignore
		LICENSE = LICENSE
		README.md = README.md
	EndProjectSection
EndProject
Project("{9A19103F-16F7-4668-BE54-9A1E7A4F7556}") = "Blazorade.XmlDocumentation", "Blazorade.XmlDocumentation\Blazorade.XmlDocumentation.csproj", "{2231A00E-B001-469F-8199-C2457FB9646E}"
EndProject
Project("{9A19103F-16F7-4668-BE54-9A1E7A4F7556}") = "Blazorade.XmlDocumentation.Components", "Blazorade.XmlDocumentation.Components\Blazorade.XmlDocumentation.Components.csproj", "{D97A6A22-EDED-4432-A448-E164C0902D08}"
EndProject
Project("{9A19103F-16F7-4668-BE54-9A1E7A4F7556}") = "Blazorade.XmlDocumentation.Tests", "Blazorade.XmlDocumentation.Tests\Blazorade.XmlDocumentation.Tests.csproj", "{254E4C25-282F-40EF-B893-70A77A31692A}"
EndProject
Project("{9A19103F-16F7-4668-BE54-9A1E7A4F7556}") = "DocsTestApp", "DocsTestApp\DocsTestApp.csproj", "{65061B4B-E494-4C15-98B6-579D22165F90}"
EndProject
Project("{2150E333-8FDC-42A3-9474-1A3956D46DE8}") = "Test", "Test", "{3AFA6F31-E2CC-4830-9E83-FA5D90F46A87}"
EndProject
Project("{9A19103F-16F7-4668-BE54-9A1E7A4F7556}") = "TestLibrary", "TestLibrary\TestLibrary.csproj", "{4EFAA8FC-9C56-4777-91E2-00261FFDA742}"
EndProject
Global
	GlobalSection(SolutionConfigurationPlatforms) = preSolution
		Debug|Any CPU = Debug|Any CPU
		Debug|x64 = Debug|x64
		Debug|x86 = Debug|x86
		Release|Any CPU = Release|Any CPU
		Release|x64 = Release|x64
		Release|x86 = Release|x86
	EndGlobalSection
	GlobalSection(ProjectConfigurationPlatforms) = postSolution
		{2231A00E-B001-469F-8199-C2457FB9646E}.Debug|Any CPU.ActiveCfg = Debug|Any CPU
		{2231A00E-B001-469F-8199-C2457FB9646E}.Debug|Any CPU.Build.0 = Debug|Any CPU
		{2231A00E-B001-469F-8199-C2457FB9646E}.Debug|x64.ActiveCfg = Debug|Any CPU
		{2231A00E-B001-469F-8199-C2457FB9646E}.Debug|x64.Build.0 = Debug|Any CPU
		{2231A00E-B001-469F-8199-C2457FB9646E}.Debug|x86.ActiveCfg = Debug|Any CPU
		{2231A00E-B001-469F-8199-C2457FB9646E}.Debug|x86.Build.0 = Debug|Any CPU
		{2231A00E-B001-469F-8199-C2457FB9646E}.Release|Any CPU.ActiveCfg = Release|Any CPU
		{2231A00E-B001-469F-8199-C2457FB9646E}.Release|Any CPU.Build.0 = Release|Any CPU
		{2231A00E-B001-469F-8199-C2457FB9646E}.Release|x64.ActiveCfg = Release|Any CPU
		{2231A00E-B001-469F-8199-C2457FB9646E}.Release|x64.Build.0 = Release|Any CPU
		{2231A00E-B001-469F-8199-C2457FB9646E}.Release|x86.ActiveCfg = Release|Any CPU
		{2231A00E-B001-469F-8199-C2457FB9646E}.Release|x86.Build.0 = Release|Any CPU
		{D97A6A22-EDED-4432-A448-E164C0902D08}.Debug|Any CPU.ActiveCfg = Debug|Any CPU
		{D97A6A22-EDED-4432-A448-E164C0902D08}.Debug|Any CPU.Build.0 = Debug|Any CPU
		{D97A6A22-EDED-4432-A448-E164C0902D08}.Debug|x64.ActiveCfg = Debug|Any CPU
		{D97A6A22-EDED-4432-A448-E164C0902D08}.Debug|x64.Build.0 = Debug|Any CPU
		{D97A6A22-EDED-4432-A448-E164C0902D08}.Debug|x86.ActiveCfg = Debug|Any CPU
		{D97A6A22-EDED-4432-A448-E164C0902D08}.Debug|x86.Build.0 = Debug|Any CPU
		{D97A6A22-EDED-4432-A448-E164C0902D08}.Release|Any CPU.ActiveCfg = Release|Any CPU
		{D97A6A22-EDED-4432-A448-E164C0902D08}.Release|Any CPU.Build.0 = Release|Any CPU
		{D97A6A22-EDED-4432-A448-E164C0902D08}.Release|x64.ActiveCfg = Release|Any CPU
		{D97A6A22-EDED-4432-A448-E164C0902D08}.Release|x64.Build.0 = Release|Any CPU
		{D97A6A22-EDED-4432-A448-E164C0902D08}.Release|x86.ActiveCfg = Release|Any CPU
		{D97A6A22-EDED-4432-A448-E164C0902D08}.Release|x86.Build.0 = Release|Any CPU
		{254E4C25-282F-40EF-B893-70A77A31692A}.Debug|Any CPU.ActiveCfg = Debug|Any CPU
		{254E4C25-282F-40EF-B893-70A77A31692A}.Debug|Any CPU.Build.0 = Debug|Any CPU
		{254E4C25-282F-40EF-B893-70A77A31692A}.Debug|x64.ActiveCfg = Debug|Any CPU
		{254E4C25-282F-40EF-B893-70A77A31692A}.Debug|x64.Build.0 = Debug|Any CPU
		{254E4C25-282F-40EF-B893-70A77A31692A}.Debug|x86.ActiveCfg = Debug|Any CPU
		{254E4C25-282F-40EF-B893-70A77A31692A}.Debug|x86.Build.0 = Debug|Any CPU
		{254E4C25-282F-40EF-B893-70A77A31692A}.Release|Any CPU.ActiveCfg = Release|Any CPU
		{254E4C25-282F-40EF-B893-70A77A31692A}.Release|Any CPU.Build.0 = Release|Any CPU
		{254E4C25-282F-40EF-B893-70A77A31692A}.Release|x64.ActiveCfg = Release|Any CPU
		{254E4C25-282F-40EF-B893-70A77A31692A}.Release|x64.Build.0 = Release|Any CPU
		{254E4C25-282F-40EF-B893-70A77A31692A}.Release|x86.ActiveCfg = Release|Any CPU
		{254E4C25-282F-40EF-B893-70A77A31692A}.Release|x86.Build.0 = Release|Any CPU
		{65061B4B-E494-4C15-98B6-579D22165F90}.Debug|Any CPU.ActiveCfg = Debug|Any CPU
		{65061B4B-E494-4C15-98B6-579D22165F90}.Debug|Any CPU.Build.0 = Debug|Any CPU
		{65061B4B-E494-4C15-98B6-579D22165F90}.Debug|x64.ActiveCfg = Debug|Any CPU
		{65061B4B-E494-4C15-98B6-579D22165F90}.Debug|x64.Build.0 = Debug|Any CPU
		{65061B4B-E494-4C15-98B6-579D22165F90}.Debug|x86.ActiveCfg = Debug|Any CPU
		{65061B4B-E494-4C15-98B6-579D22165F90}.Debug|x86.Build.0 = Debug|Any CPU
		{65061B4B-E494-4C15-98B6-579D22165F90}.Release|Any CPU.ActiveCfg = Release|Any CPU
		{65061B4B-E494-4C15-98B6-579D22165F90}.Release|Any CPU.Build.0 = Release|Any CPU
		{65061B4B-E494-4C15-98B6-579D22165F90}.Release|x64.ActiveCfg = Release|Any CPU
		{65061B4B-E494-4C15-98B6-579D22165F90}.Release|x64.Build.0 = Release|Any CPU
		{65061B4B-E494-4C15-98B6-579D22165F90}.Release|x86.ActiveCfg = Release|Any CPU
		{65061B4B-E494-4C15-98B6-579D22165F90}.Release|x86.Build.0 = Release|Any CPU
		{4EFAA8FC-9C56-4777-91E2-00261FFDA742}.Debug|Any CPU.ActiveCfg = Debug|Any CPU
		{4EFAA8FC-9C56-4777-91E2-00261FFDA742}.Debug|Any CPU.Build.0 = Debug|Any CPU
		{4EFAA8FC-9C56-4777-91E2-00261FFDA742}.Debug|x64.ActiveCfg = Debug|Any CPU
		{4EFAA8FC-9C56-4777-91E2-00261FFDA742}.Debug|x64.Build.0 = Debug|Any CPU
		{4EFAA8FC-9C56-4777-91E2-00261FFDA742}.Debug|x86.ActiveCfg = Debug|Any CPU
		{4EFAA8FC-9C56-4777-91E2-00261FFDA742}.Debug|x86.Build.0 = Debug|Any CPU
		{4EFAA8FC-9C56-4777-91E2-00261FFDA742}.Release|Any CPU.ActiveCfg = Release|Any CPU
		{4EFAA8FC-9C56-4777-91E2-00261FFDA742}.Release|Any CPU.Build.0 = Release|Any CPU
		{4EFAA8FC-9C56-4777-91E2-00261FFDA742}.Release|x64.ActiveCfg = Release|Any CPU
		{4EFAA8FC-9C56-4777-91E2-00261FFDA742}.Release|x64.Build.0 = Release|Any CPU
		{4EFAA8FC-9C56-4777-91E2-00261FFDA742}.Release|x86.ActiveCfg = Release|Any CPU
		{4EFAA8FC-9C56-4777-91E2-00261FFDA742}.Release|x86.Build.0 = Release|Any CPU
	EndGlobalSection
	GlobalSection(SolutionProperties) = preSolution
		HideSolutionNode = FALSE
	EndGlobalSection
	GlobalSection(NestedProjects) = preSolution
		{254E4C25-282F-40EF-B893-70A77A31692A} = {3AFA6F31-E2CC-4830-9E83-FA5D90F46A87}
		{65061B4B-E494-4C15-98B6-579D22165F90} = {3AFA6F31-E2CC-4830-9E83-FA5D90F46A87}
		{4EFAA8FC-9C56-4777-91E2-00261FFDA742} = {3AFA6F31-E2CC-4830-9E83-FA5D90F46A87}
	EndGlobalSection
	GlobalSection(ExtensibilityGlobals) = postSolution
		SolutionGuid = {07BB52A0-7B85-4B66-8C70-69E21ECC9203}
	EndGlobalSection
EndGlobal
